
Microsoft Visual Studio Solution File, Format Version 12.00
# Visual Studio Version 17
VisualStudioVersion = 17.9.34723.18
MinimumVisualStudioVersion = 10.0.40219.1
Project("{FAE04EC0-301F-11D3-BF4B-00C04F79EFBC}") = "ConsoleApp1", "ConsoleApp1\ConsoleApp1.csproj", "{4F76AE7C-08D2-46AE-8202-726AE2F5ECE3}"
EndProject
Global
	GlobalSection(SolutionConfigurationPlatforms) = preSolution
		Debug|Any CPU = Debug|Any CPU
		Release|Any CPU = Release|Any CPU
	EndGlobalSection
	GlobalSection(ProjectConfigurationPlatforms) = postSolution
		{4F76AE7C-08D2-46AE-8202-726AE2F5ECE3}.Debug|Any CPU.ActiveCfg = Debug|Any CPU
		{4F76AE7C-08D2-46AE-8202-726AE2F5ECE3}.Debug|Any CPU.Build.0 = Debug|Any CPU
		{4F76AE7C-08D2-46AE-8202-726AE2F5ECE3}.Release|Any CPU.ActiveCfg = Release|Any CPU
		{4F76AE7C-08D2-46AE-8202-726AE2F5ECE3}.Release|Any CPU.Build.0 = Release|Any CPU
	EndGlobalSection
	GlobalSection(SolutionProperties) = preSolution
		HideSolutionNode = FALSE
	EndGlobalSection
	GlobalSection(ExtensibilityGlobals) = postSolution
		SolutionGuid = {6F0FD0CA-B215-45A9-ACE8-12182016F168}
	EndGlobalSection
EndGlobal
